
Microsoft Visual Studio Solution File, Format Version 12.00
# Visual Studio Version 16
VisualStudioVersion = 16.0.30128.74
MinimumVisualStudioVersion = 10.0.40219.1
Project("{FAE04EC0-301F-11D3-BF4B-00C04F79EFBC}") = "Books.API", "Books.API\Books.API.csproj", "{B1BC305E-303B-41FE-A176-2F9266CDDCD5}"
EndProject
Global
	GlobalSection(SolutionConfigurationPlatforms) = preSolution
		Debug|Any CPU = Debug|Any CPU
		Release|Any CPU = Release|Any CPU
	EndGlobalSection
	GlobalSection(ProjectConfigurationPlatforms) = postSolution
		{B1BC305E-303B-41FE-A176-2F9266CDDCD5}.Debug|Any CPU.ActiveCfg = Debug|Any CPU
		{B1BC305E-303B-41FE-A176-2F9266CDDCD5}.Debug|Any CPU.Build.0 = Debug|Any CPU
		{B1BC305E-303B-41FE-A176-2F9266CDDCD5}.Release|Any CPU.ActiveCfg = Release|Any CPU
		{B1BC305E-303B-41FE-A176-2F9266CDDCD5}.Release|Any CPU.Build.0 = Release|Any CPU
	EndGlobalSection
	GlobalSection(SolutionProperties) = preSolution
		HideSolutionNode = FALSE
	EndGlobalSection
	GlobalSection(ExtensibilityGlobals) = postSolution
		SolutionGuid = {588F5B99-0138-4779-99B4-D9B8ED5551DE}
	EndGlobalSection
EndGlobal
